
Microsoft Visual Studio Solution File, Format Version 12.00
# Visual Studio Version 17
VisualStudioVersion = 17.9.34728.123
MinimumVisualStudioVersion = 10.0.40219.1
Project("{9A19103F-16F7-4668-BE54-9A1E7A4F7556}") = "SmartEF", "SmartEF\SmartEF.csproj", "{E720FC9F-3CFF-40DB-AAB0-C85B4FF20F8A}"
EndProject
Project("{9A19103F-16F7-4668-BE54-9A1E7A4F7556}") = "SmartEF.Testes", "SmartEF.Testes\SmartEF.Testes.csproj", "{94EB6F0F-9106-41C9-B865-AE5EF21F733C}"
EndProject
Global
	GlobalSection(SolutionConfigurationPlatforms) = preSolution
		Debug|Any CPU = Debug|Any CPU
		Release|Any CPU = Release|Any CPU
	EndGlobalSection
	GlobalSection(ProjectConfigurationPlatforms) = postSolution
		{E720FC9F-3CFF-40DB-AAB0-C85B4FF20F8A}.Debug|Any CPU.ActiveCfg = Debug|Any CPU
		{E720FC9F-3CFF-40DB-AAB0-C85B4FF20F8A}.Debug|Any CPU.Build.0 = Debug|Any CPU
		{E720FC9F-3CFF-40DB-AAB0-C85B4FF20F8A}.Release|Any CPU.ActiveCfg = Release|Any CPU
		{E720FC9F-3CFF-40DB-AAB0-C85B4FF20F8A}.Release|Any CPU.Build.0 = Release|Any CPU
		{94EB6F0F-9106-41C9-B865-AE5EF21F733C}.Debug|Any CPU.ActiveCfg = Debug|Any CPU
		{94EB6F0F-9106-41C9-B865-AE5EF21F733C}.Debug|Any CPU.Build.0 = Debug|Any CPU
		{94EB6F0F-9106-41C9-B865-AE5EF21F733C}.Release|Any CPU.ActiveCfg = Release|Any CPU
		{94EB6F0F-9106-41C9-B865-AE5EF21F733C}.Release|Any CPU.Build.0 = Release|Any CPU
	EndGlobalSection
	GlobalSection(SolutionProperties) = preSolution
		HideSolutionNode = FALSE
	EndGlobalSection
	GlobalSection(ExtensibilityGlobals) = postSolution
		SolutionGuid = {5039228B-DC6A-4299-8802-47818596038A}
	EndGlobalSection
EndGlobal
